// !$*UTF8*$!
{
	archiveVersion = 1;
	classes = {
	};
	objectVersion = 56;
	objects = {

/* Begin PBXBuildFile section */
		7E05786E2B1FD50E0032859B /* TabBarVC.swift in Sources */ = {isa = PBXBuildFile; fileRef = 7E05786D2B1FD50E0032859B /* TabBarVC.swift */; };
		7E0578702B203B180032859B /* UIColorExtension.swift in Sources */ = {isa = PBXBuildFile; fileRef = 7E05786F2B203B180032859B /* UIColorExtension.swift */; };
		7E0578792B206E3D0032859B /* DashboardPresenter.swift in Sources */ = {isa = PBXBuildFile; fileRef = 7E0578782B206E3D0032859B /* DashboardPresenter.swift */; };
		7E527F512B1F6E050016B23E /* CardView.swift in Sources */ = {isa = PBXBuildFile; fileRef = 7E527F502B1F6E050016B23E /* CardView.swift */; };
		7E527F5F2B1F9D920016B23E /* CircularView.swift in Sources */ = {isa = PBXBuildFile; fileRef = 7E527F5E2B1F9D920016B23E /* CircularView.swift */; };
		7E527F6C2B1FA6620016B23E /* NewsLetterCollectionCell.swift in Sources */ = {isa = PBXBuildFile; fileRef = 7E527F6A2B1FA6620016B23E /* NewsLetterCollectionCell.swift */; };
		7E527F6D2B1FA6620016B23E /* NewsLetterCollectionCell.xib in Resources */ = {isa = PBXBuildFile; fileRef = 7E527F6B2B1FA6620016B23E /* NewsLetterCollectionCell.xib */; };
		7E527F712B1FB6050016B23E /* AnnouncementTableCell.swift in Sources */ = {isa = PBXBuildFile; fileRef = 7E527F6F2B1FB6050016B23E /* AnnouncementTableCell.swift */; };
		7E527F722B1FB6050016B23E /* AnnouncementTableCell.xib in Resources */ = {isa = PBXBuildFile; fileRef = 7E527F702B1FB6050016B23E /* AnnouncementTableCell.xib */; };
		7E83C3602B21E8A900E629BA /* ImageSliderCollectionCell.swift in Sources */ = {isa = PBXBuildFile; fileRef = 7E83C35E2B21E8A900E629BA /* ImageSliderCollectionCell.swift */; };
		7E83C3612B21E8A900E629BA /* ImageSliderCollectionCell.xib in Resources */ = {isa = PBXBuildFile; fileRef = 7E83C35F2B21E8A900E629BA /* ImageSliderCollectionCell.xib */; };
		7E8E95BF2B1F581800F6B52D /* AppDelegate.swift in Sources */ = {isa = PBXBuildFile; fileRef = 7E8E95BE2B1F581800F6B52D /* AppDelegate.swift */; };
		7E8E95C12B1F581800F6B52D /* SceneDelegate.swift in Sources */ = {isa = PBXBuildFile; fileRef = 7E8E95C02B1F581800F6B52D /* SceneDelegate.swift */; };
		7E8E95C62B1F581800F6B52D /* Main.storyboard in Resources */ = {isa = PBXBuildFile; fileRef = 7E8E95C42B1F581800F6B52D /* Main.storyboard */; };
		7E8E95C82B1F581A00F6B52D /* Assets.xcassets in Resources */ = {isa = PBXBuildFile; fileRef = 7E8E95C72B1F581A00F6B52D /* Assets.xcassets */; };
		7E8E95CB2B1F581A00F6B52D /* LaunchScreen.storyboard in Resources */ = {isa = PBXBuildFile; fileRef = 7E8E95C92B1F581A00F6B52D /* LaunchScreen.storyboard */; };
		7E8E95D32B1F585A00F6B52D /* DashboardVC.swift in Sources */ = {isa = PBXBuildFile; fileRef = 7E8E95D22B1F585A00F6B52D /* DashboardVC.swift */; };
		7E97B2622B20833F0059E30F /* PromotionCollectionCell.swift in Sources */ = {isa = PBXBuildFile; fileRef = 7E97B2602B20833F0059E30F /* PromotionCollectionCell.swift */; };
		7E97B2632B20833F0059E30F /* PromotionCollectionCell.xib in Resources */ = {isa = PBXBuildFile; fileRef = 7E97B2612B20833F0059E30F /* PromotionCollectionCell.xib */; };
/* End PBXBuildFile section */

/* Begin PBXFileReference section */
		7E05786D2B1FD50E0032859B /* TabBarVC.swift */ = {isa = PBXFileReference; lastKnownFileType = sourcecode.swift; path = TabBarVC.swift; sourceTree = "<group>"; };
		7E05786F2B203B180032859B /* UIColorExtension.swift */ = {isa = PBXFileReference; lastKnownFileType = sourcecode.swift; path = UIColorExtension.swift; sourceTree = "<group>"; };
		7E0578782B206E3D0032859B /* DashboardPresenter.swift */ = {isa = PBXFileReference; lastKnownFileType = sourcecode.swift; path = DashboardPresenter.swift; sourceTree = "<group>"; };
		7E527F502B1F6E050016B23E /* CardView.swift */ = {isa = PBXFileReference; lastKnownFileType = sourcecode.swift; path = CardView.swift; sourceTree = "<group>"; };
		7E527F5E2B1F9D920016B23E /* CircularView.swift */ = {isa = PBXFileReference; lastKnownFileType = sourcecode.swift; path = CircularView.swift; sourceTree = "<group>"; };
		7E527F6A2B1FA6620016B23E /* NewsLetterCollectionCell.swift */ = {isa = PBXFileReference; lastKnownFileType = sourcecode.swift; path = NewsLetterCollectionCell.swift; sourceTree = "<group>"; };
		7E527F6B2B1FA6620016B23E /* NewsLetterCollectionCell.xib */ = {isa = PBXFileReference; lastKnownFileType = file.xib; path = NewsLetterCollectionCell.xib; sourceTree = "<group>"; };
		7E527F6F2B1FB6050016B23E /* AnnouncementTableCell.swift */ = {isa = PBXFileReference; lastKnownFileType = sourcecode.swift; path = AnnouncementTableCell.swift; sourceTree = "<group>"; };
		7E527F702B1FB6050016B23E /* AnnouncementTableCell.xib */ = {isa = PBXFileReference; lastKnownFileType = file.xib; path = AnnouncementTableCell.xib; sourceTree = "<group>"; };
		7E83C35E2B21E8A900E629BA /* ImageSliderCollectionCell.swift */ = {isa = PBXFileReference; lastKnownFileType = sourcecode.swift; path = ImageSliderCollectionCell.swift; sourceTree = "<group>"; };
		7E83C35F2B21E8A900E629BA /* ImageSliderCollectionCell.xib */ = {isa = PBXFileReference; lastKnownFileType = file.xib; path = ImageSliderCollectionCell.xib; sourceTree = "<group>"; };
		7E8E95BB2B1F581800F6B52D /* OnenexCodeTest.app */ = {isa = PBXFileReference; explicitFileType = wrapper.application; includeInIndex = 0; path = OnenexCodeTest.app; sourceTree = BUILT_PRODUCTS_DIR; };
		7E8E95BE2B1F581800F6B52D /* AppDelegate.swift */ = {isa = PBXFileReference; lastKnownFileType = sourcecode.swift; path = AppDelegate.swift; sourceTree = "<group>"; };
		7E8E95C02B1F581800F6B52D /* SceneDelegate.swift */ = {isa = PBXFileReference; lastKnownFileType = sourcecode.swift; path = SceneDelegate.swift; sourceTree = "<group>"; };
		7E8E95C52B1F581800F6B52D /* Base */ = {isa = PBXFileReference; lastKnownFileType = file.storyboard; name = Base; path = Base.lproj/Main.storyboard; sourceTree = "<group>"; };
		7E8E95C72B1F581A00F6B52D /* Assets.xcassets */ = {isa = PBXFileReference; lastKnownFileType = folder.assetcatalog; path = Assets.xcassets; sourceTree = "<group>"; };
		7E8E95CA2B1F581A00F6B52D /* Base */ = {isa = PBXFileReference; lastKnownFileType = file.storyboard; name = Base; path = Base.lproj/LaunchScreen.storyboard; sourceTree = "<group>"; };
		7E8E95CC2B1F581A00F6B52D /* Info.plist */ = {isa = PBXFileReference; lastKnownFileType = text.plist.xml; path = Info.plist; sourceTree = "<group>"; };
		7E8E95D22B1F585A00F6B52D /* DashboardVC.swift */ = {isa = PBXFileReference; lastKnownFileType = sourcecode.swift; path = DashboardVC.swift; sourceTree = "<group>"; };
		7E97B2602B20833F0059E30F /* PromotionCollectionCell.swift */ = {isa = PBXFileReference; lastKnownFileType = sourcecode.swift; path = PromotionCollectionCell.swift; sourceTree = "<group>"; };
		7E97B2612B20833F0059E30F /* PromotionCollectionCell.xib */ = {isa = PBXFileReference; lastKnownFileType = file.xib; path = PromotionCollectionCell.xib; sourceTree = "<group>"; };
/* End PBXFileReference section */

/* Begin PBXFrameworksBuildPhase section */
		7E8E95B82B1F581800F6B52D /* Frameworks */ = {
			isa = PBXFrameworksBuildPhase;
			buildActionMask = 2147483647;
			files = (
			);
			runOnlyForDeploymentPostprocessing = 0;
		};
/* End PBXFrameworksBuildPhase section */

/* Begin PBXGroup section */
		7E0578712B206D000032859B /* Storyboards */ = {
			isa = PBXGroup;
			children = (
				7E8E95C42B1F581800F6B52D /* Main.storyboard */,
			);
			path = Storyboards;
			sourceTree = "<group>";
		};
		7E0578732B206D570032859B /* Utilities */ = {
			isa = PBXGroup;
			children = (
				7E527F5E2B1F9D920016B23E /* CircularView.swift */,
				7E527F502B1F6E050016B23E /* CardView.swift */,
			);
			path = Utilities;
			sourceTree = "<group>";
		};
		7E0578742B206D780032859B /* Models */ = {
			isa = PBXGroup;
			children = (
			);
			path = Models;
			sourceTree = "<group>";
		};
		7E0578752B206D810032859B /* Services */ = {
			isa = PBXGroup;
			children = (
			);
			path = Services;
			sourceTree = "<group>";
		};
		7E0578762B206DD70032859B /* Presenters */ = {
			isa = PBXGroup;
			children = (
				7E0578772B206E2A0032859B /* Dashboard */,
			);
			path = Presenters;
			sourceTree = "<group>";
		};
		7E0578772B206E2A0032859B /* Dashboard */ = {
			isa = PBXGroup;
			children = (
				7E0578782B206E3D0032859B /* DashboardPresenter.swift */,
			);
			path = Dashboard;
			sourceTree = "<group>";
		};
		7E05787B2B206E730032859B /* main */ = {
			isa = PBXGroup;
			children = (
				7E05786D2B1FD50E0032859B /* TabBarVC.swift */,
			);
			path = main;
			sourceTree = "<group>";
		};
		7E05787C2B206E7B0032859B /* Dashboard */ = {
			isa = PBXGroup;
			children = (
				7E8E95D22B1F585A00F6B52D /* DashboardVC.swift */,
			);
			path = Dashboard;
			sourceTree = "<group>";
		};
		7E527F4D2B1F6DC30016B23E /* Views */ = {
			isa = PBXGroup;
			children = (
				7E527F592B1F8F810016B23E /* Cell */,
				7E527F4E2B1F6DCB0016B23E /* Controller */,
				7E0578712B206D000032859B /* Storyboards */,
			);
			path = Views;
			sourceTree = "<group>";
		};
		7E527F4E2B1F6DCB0016B23E /* Controller */ = {
			isa = PBXGroup;
			children = (
				7E05787C2B206E7B0032859B /* Dashboard */,
				7E05787B2B206E730032859B /* main */,
			);
			path = Controller;
			sourceTree = "<group>";
		};
		7E527F4F2B1F6DE20016B23E /* Extensions */ = {
			isa = PBXGroup;
			children = (
				7E05786F2B203B180032859B /* UIColorExtension.swift */,
			);
			path = Extensions;
			sourceTree = "<group>";
		};
		7E527F592B1F8F810016B23E /* Cell */ = {
			isa = PBXGroup;
			children = (
				7E527F602B1FA2990016B23E /* Dashboard */,
			);
			path = Cell;
			sourceTree = "<group>";
		};
		7E527F602B1FA2990016B23E /* Dashboard */ = {
			isa = PBXGroup;
			children = (
				7E527F632B1FA2C20016B23E /* TableView Cell */,
				7E527F622B1FA2B40016B23E /* CollectionView Cell */,
			);
			path = Dashboard;
			sourceTree = "<group>";
		};
		7E527F612B1FA2A20016B23E /* ImageSliderCell */ = {
			isa = PBXGroup;
			children = (
				7E83C35E2B21E8A900E629BA /* ImageSliderCollectionCell.swift */,
				7E83C35F2B21E8A900E629BA /* ImageSliderCollectionCell.xib */,
			);
			path = ImageSliderCell;
			sourceTree = "<group>";
		};
		7E527F622B1FA2B40016B23E /* CollectionView Cell */ = {
			isa = PBXGroup;
			children = (
				7E527F692B1FA64C0016B23E /* NewsLetter Cell */,
				7E527F642B1FA2D40016B23E /* PromotionsCell */,
				7E527F612B1FA2A20016B23E /* ImageSliderCell */,
			);
			path = "CollectionView Cell";
			sourceTree = "<group>";
		};
		7E527F632B1FA2C20016B23E /* TableView Cell */ = {
			isa = PBXGroup;
			children = (
				7E527F6E2B1FB5CD0016B23E /* Announcement Cell */,
			);
			path = "TableView Cell";
			sourceTree = "<group>";
		};
		7E527F642B1FA2D40016B23E /* PromotionsCell */ = {
			isa = PBXGroup;
			children = (
				7E97B2602B20833F0059E30F /* PromotionCollectionCell.swift */,
				7E97B2612B20833F0059E30F /* PromotionCollectionCell.xib */,
			);
			path = PromotionsCell;
			sourceTree = "<group>";
		};
		7E527F692B1FA64C0016B23E /* NewsLetter Cell */ = {
			isa = PBXGroup;
			children = (
				7E527F6A2B1FA6620016B23E /* NewsLetterCollectionCell.swift */,
				7E527F6B2B1FA6620016B23E /* NewsLetterCollectionCell.xib */,
			);
			path = "NewsLetter Cell";
			sourceTree = "<group>";
		};
		7E527F6E2B1FB5CD0016B23E /* Announcement Cell */ = {
			isa = PBXGroup;
			children = (
				7E527F6F2B1FB6050016B23E /* AnnouncementTableCell.swift */,
				7E527F702B1FB6050016B23E /* AnnouncementTableCell.xib */,
			);
			path = "Announcement Cell";
			sourceTree = "<group>";
		};
		7E8E95B22B1F581800F6B52D = {
			isa = PBXGroup;
			children = (
				7E8E95BD2B1F581800F6B52D /* OnenexCodeTest */,
				7E8E95BC2B1F581800F6B52D /* Products */,
			);
			sourceTree = "<group>";
		};
		7E8E95BC2B1F581800F6B52D /* Products */ = {
			isa = PBXGroup;
			children = (
				7E8E95BB2B1F581800F6B52D /* OnenexCodeTest.app */,
			);
			name = Products;
			sourceTree = "<group>";
		};
		7E8E95BD2B1F581800F6B52D /* OnenexCodeTest */ = {
			isa = PBXGroup;
			children = (
				7E0578742B206D780032859B /* Models */,
				7E527F4D2B1F6DC30016B23E /* Views */,
				7E0578762B206DD70032859B /* Presenters */,
				7E0578752B206D810032859B /* Services */,
				7E0578732B206D570032859B /* Utilities */,
				7E527F4F2B1F6DE20016B23E /* Extensions */,
				7E8E95C72B1F581A00F6B52D /* Assets.xcassets */,
				7E8E95C92B1F581A00F6B52D /* LaunchScreen.storyboard */,
				7E8E95C02B1F581800F6B52D /* SceneDelegate.swift */,
				7E8E95BE2B1F581800F6B52D /* AppDelegate.swift */,
				7E8E95CC2B1F581A00F6B52D /* Info.plist */,
			);
			path = OnenexCodeTest;
			sourceTree = "<group>";
		};
/* End PBXGroup section */

/* Begin PBXNativeTarget section */
		7E8E95BA2B1F581800F6B52D /* OnenexCodeTest */ = {
			isa = PBXNativeTarget;
			buildConfigurationList = 7E8E95CF2B1F581A00F6B52D /* Build configuration list for PBXNativeTarget "OnenexCodeTest" */;
			buildPhases = (
				7E8E95B72B1F581800F6B52D /* Sources */,
				7E8E95B82B1F581800F6B52D /* Frameworks */,
				7E8E95B92B1F581800F6B52D /* Resources */,
			);
			buildRules = (
			);
			dependencies = (
			);
			name = OnenexCodeTest;
			productName = OnenexCodeTest;
			productReference = 7E8E95BB2B1F581800F6B52D /* OnenexCodeTest.app */;
			productType = "com.apple.product-type.application";
		};
/* End PBXNativeTarget section */

/* Begin PBXProject section */
		7E8E95B32B1F581800F6B52D /* Project object */ = {
			isa = PBXProject;
			attributes = {
				BuildIndependentTargetsInParallel = 1;
				LastSwiftUpdateCheck = 1500;
				LastUpgradeCheck = 1500;
				TargetAttributes = {
					7E8E95BA2B1F581800F6B52D = {
						CreatedOnToolsVersion = 15.0.1;
					};
				};
			};
			buildConfigurationList = 7E8E95B62B1F581800F6B52D /* Build configuration list for PBXProject "OnenexCodeTest" */;
			compatibilityVersion = "Xcode 14.0";
			developmentRegion = en;
			hasScannedForEncodings = 0;
			knownRegions = (
				en,
				Base,
			);
			mainGroup = 7E8E95B22B1F581800F6B52D;
			productRefGroup = 7E8E95BC2B1F581800F6B52D /* Products */;
			projectDirPath = "";
			projectRoot = "";
			targets = (
				7E8E95BA2B1F581800F6B52D /* OnenexCodeTest */,
			);
		};
/* End PBXProject section */

/* Begin PBXResourcesBuildPhase section */
		7E8E95B92B1F581800F6B52D /* Resources */ = {
			isa = PBXResourcesBuildPhase;
			buildActionMask = 2147483647;
			files = (
				7E8E95CB2B1F581A00F6B52D /* LaunchScreen.storyboard in Resources */,
				7E83C3612B21E8A900E629BA /* ImageSliderCollectionCell.xib in Resources */,
				7E8E95C82B1F581A00F6B52D /* Assets.xcassets in Resources */,
				7E527F6D2B1FA6620016B23E /* NewsLetterCollectionCell.xib in Resources */,
				7E527F722B1FB6050016B23E /* AnnouncementTableCell.xib in Resources */,
				7E8E95C62B1F581800F6B52D /* Main.storyboard in Resources */,
				7E97B2632B20833F0059E30F /* PromotionCollectionCell.xib in Resources */,
			);
			runOnlyForDeploymentPostprocessing = 0;
		};
/* End PBXResourcesBuildPhase section */

/* Begin PBXSourcesBuildPhase section */
		7E8E95B72B1F581800F6B52D /* Sources */ = {
			isa = PBXSourcesBuildPhase;
			buildActionMask = 2147483647;
			files = (
				7E83C3602B21E8A900E629BA /* ImageSliderCollectionCell.swift in Sources */,
				7E8E95BF2B1F581800F6B52D /* AppDelegate.swift in Sources */,
				7E05786E2B1FD50E0032859B /* TabBarVC.swift in Sources */,
				7E527F6C2B1FA6620016B23E /* NewsLetterCollectionCell.swift in Sources */,
				7E8E95D32B1F585A00F6B52D /* DashboardVC.swift in Sources */,
				7E527F5F2B1F9D920016B23E /* CircularView.swift in Sources */,
				7E527F512B1F6E050016B23E /* CardView.swift in Sources */,
				7E97B2622B20833F0059E30F /* PromotionCollectionCell.swift in Sources */,
				7E0578702B203B180032859B /* UIColorExtension.swift in Sources */,
				7E527F712B1FB6050016B23E /* AnnouncementTableCell.swift in Sources */,
				7E8E95C12B1F581800F6B52D /* SceneDelegate.swift in Sources */,
				7E0578792B206E3D0032859B /* DashboardPresenter.swift in Sources */,
			);
			runOnlyForDeploymentPostprocessing = 0;
		};
/* End PBXSourcesBuildPhase section */

/* Begin PBXVariantGroup section */
		7E8E95C42B1F581800F6B52D /* Main.storyboard */ = {
			isa = PBXVariantGroup;
			children = (
				7E8E95C52B1F581800F6B52D /* Base */,
			);
			name = Main.storyboard;
			sourceTree = "<group>";
		};
		7E8E95C92B1F581A00F6B52D /* LaunchScreen.storyboard */ = {
			isa = PBXVariantGroup;
			children = (
				7E8E95CA2B1F581A00F6B52D /* Base */,
			);
			name = LaunchScreen.storyboard;
			sourceTree = "<group>";
		};
/* End PBXVariantGroup section */

/* Begin XCBuildConfiguration section */
		7E8E95CD2B1F581A00F6B52D /* Debug */ = {
			isa = XCBuildConfiguration;
			buildSettings = {
				ALWAYS_SEARCH_USER_PATHS = NO;
				ASSETCATALOG_COMPILER_GENERATE_SWIFT_ASSET_SYMBOL_EXTENSIONS = YES;
				CLANG_ANALYZER_NONNULL = YES;
				CLANG_ANALYZER_NUMBER_OBJECT_CONVERSION = YES_AGGRESSIVE;
				CLANG_CXX_LANGUAGE_STANDARD = "gnu++20";
				CLANG_ENABLE_MODULES = YES;
				CLANG_ENABLE_OBJC_ARC = YES;
				CLANG_ENABLE_OBJC_WEAK = YES;
				CLANG_WARN_BLOCK_CAPTURE_AUTORELEASING = YES;
				CLANG_WARN_BOOL_CONVERSION = YES;
				CLANG_WARN_COMMA = YES;
				CLANG_WARN_CONSTANT_CONVERSION = YES;
				CLANG_WARN_DEPRECATED_OBJC_IMPLEMENTATIONS = YES;
				CLANG_WARN_DIRECT_OBJC_ISA_USAGE = YES_ERROR;
				CLANG_WARN_DOCUMENTATION_COMMENTS = YES;
				CLANG_WARN_EMPTY_BODY = YES;
				CLANG_WARN_ENUM_CONVERSION = YES;
				CLANG_WARN_INFINITE_RECURSION = YES;
				CLANG_WARN_INT_CONVERSION = YES;
				CLANG_WARN_NON_LITERAL_NULL_CONVERSION = YES;
				CLANG_WARN_OBJC_IMPLICIT_RETAIN_SELF = YES;
				CLANG_WARN_OBJC_LITERAL_CONVERSION = YES;
				CLANG_WARN_OBJC_ROOT_CLASS = YES_ERROR;
				CLANG_WARN_QUOTED_INCLUDE_IN_FRAMEWORK_HEADER = YES;
				CLANG_WARN_RANGE_LOOP_ANALYSIS = YES;
				CLANG_WARN_STRICT_PROTOTYPES = YES;
				CLANG_WARN_SUSPICIOUS_MOVE = YES;
				CLANG_WARN_UNGUARDED_AVAILABILITY = YES_AGGRESSIVE;
				CLANG_WARN_UNREACHABLE_CODE = YES;
				CLANG_WARN__DUPLICATE_METHOD_MATCH = YES;
				COPY_PHASE_STRIP = NO;
				DEBUG_INFORMATION_FORMAT = dwarf;
				ENABLE_STRICT_OBJC_MSGSEND = YES;
				ENABLE_TESTABILITY = YES;
				ENABLE_USER_SCRIPT_SANDBOXING = YES;
				GCC_C_LANGUAGE_STANDARD = gnu17;
				GCC_DYNAMIC_NO_PIC = NO;
				GCC_NO_COMMON_BLOCKS = YES;
				GCC_OPTIMIZATION_LEVEL = 0;
				GCC_PREPROCESSOR_DEFINITIONS = (
					"DEBUG=1",
					"$(inherited)",
				);
				GCC_WARN_64_TO_32_BIT_CONVERSION = YES;
				GCC_WARN_ABOUT_RETURN_TYPE = YES_ERROR;
				GCC_WARN_UNDECLARED_SELECTOR = YES;
				GCC_WARN_UNINITIALIZED_AUTOS = YES_AGGRESSIVE;
				GCC_WARN_UNUSED_FUNCTION = YES;
				GCC_WARN_UNUSED_VARIABLE = YES;
				IPHONEOS_DEPLOYMENT_TARGET = 17.0;
				LOCALIZATION_PREFERS_STRING_CATALOGS = YES;
				MTL_ENABLE_DEBUG_INFO = INCLUDE_SOURCE;
				MTL_FAST_MATH = YES;
				ONLY_ACTIVE_ARCH = YES;
				SDKROOT = iphoneos;
				SWIFT_ACTIVE_COMPILATION_CONDITIONS = "DEBUG $(inherited)";
				SWIFT_OPTIMIZATION_LEVEL = "-Onone";
			};
			name = Debug;
		};
		7E8E95CE2B1F581A00F6B52D /* Release */ = {
			isa = XCBuildConfiguration;
			buildSettings = {
				ALWAYS_SEARCH_USER_PATHS = NO;
				ASSETCATALOG_COMPILER_GENERATE_SWIFT_ASSET_SYMBOL_EXTENSIONS = YES;
				CLANG_ANALYZER_NONNULL = YES;
				CLANG_ANALYZER_NUMBER_OBJECT_CONVERSION = YES_AGGRESSIVE;
				CLANG_CXX_LANGUAGE_STANDARD = "gnu++20";
				CLANG_ENABLE_MODULES = YES;
				CLANG_ENABLE_OBJC_ARC = YES;
				CLANG_ENABLE_OBJC_WEAK = YES;
				CLANG_WARN_BLOCK_CAPTURE_AUTORELEASING = YES;
				CLANG_WARN_BOOL_CONVERSION = YES;
				CLANG_WARN_COMMA = YES;
				CLANG_WARN_CONSTANT_CONVERSION = YES;
				CLANG_WARN_DEPRECATED_OBJC_IMPLEMENTATIONS = YES;
				CLANG_WARN_DIRECT_OBJC_ISA_USAGE = YES_ERROR;
				CLANG_WARN_DOCUMENTATION_COMMENTS = YES;
				CLANG_WARN_EMPTY_BODY = YES;
				CLANG_WARN_ENUM_CONVERSION = YES;
				CLANG_WARN_INFINITE_RECURSION = YES;
				CLANG_WARN_INT_CONVERSION = YES;
				CLANG_WARN_NON_LITERAL_NULL_CONVERSION = YES;
				CLANG_WARN_OBJC_IMPLICIT_RETAIN_SELF = YES;
				CLANG_WARN_OBJC_LITERAL_CONVERSION = YES;
				CLANG_WARN_OBJC_ROOT_CLASS = YES_ERROR;
				CLANG_WARN_QUOTED_INCLUDE_IN_FRAMEWORK_HEADER = YES;
				CLANG_WARN_RANGE_LOOP_ANALYSIS = YES;
				CLANG_WARN_STRICT_PROTOTYPES = YES;
				CLANG_WARN_SUSPICIOUS_MOVE = YES;
				CLANG_WARN_UNGUARDED_AVAILABILITY = YES_AGGRESSIVE;
				CLANG_WARN_UNREACHABLE_CODE = YES;
				CLANG_WARN__DUPLICATE_METHOD_MATCH = YES;
				COPY_PHASE_STRIP = NO;
				DEBUG_INFORMATION_FORMAT = "dwarf-with-dsym";
				ENABLE_NS_ASSERTIONS = NO;
				ENABLE_STRICT_OBJC_MSGSEND = YES;
				ENABLE_USER_SCRIPT_SANDBOXING = YES;
				GCC_C_LANGUAGE_STANDARD = gnu17;
				GCC_NO_COMMON_BLOCKS = YES;
				GCC_WARN_64_TO_32_BIT_CONVERSION = YES;
				GCC_WARN_ABOUT_RETURN_TYPE = YES_ERROR;
				GCC_WARN_UNDECLARED_SELECTOR = YES;
				GCC_WARN_UNINITIALIZED_AUTOS = YES_AGGRESSIVE;
				GCC_WARN_UNUSED_FUNCTION = YES;
				GCC_WARN_UNUSED_VARIABLE = YES;
				IPHONEOS_DEPLOYMENT_TARGET = 17.0;
				LOCALIZATION_PREFERS_STRING_CATALOGS = YES;
				MTL_ENABLE_DEBUG_INFO = NO;
				MTL_FAST_MATH = YES;
				SDKROOT = iphoneos;
				SWIFT_COMPILATION_MODE = wholemodule;
				VALIDATE_PRODUCT = YES;
			};
			name = Release;
		};
		7E8E95D02B1F581A00F6B52D /* Debug */ = {
			isa = XCBuildConfiguration;
			buildSettings = {
				ASSETCATALOG_COMPILER_APPICON_NAME = AppIcon;
				ASSETCATALOG_COMPILER_GLOBAL_ACCENT_COLOR_NAME = AccentColor;
				CODE_SIGN_STYLE = Automatic;
				CURRENT_PROJECT_VERSION = 1;
				DEVELOPMENT_TEAM = 4WCVXD5T4H;
				GENERATE_INFOPLIST_FILE = YES;
				INFOPLIST_FILE = OnenexCodeTest/Info.plist;
				INFOPLIST_KEY_UIApplicationSupportsIndirectInputEvents = YES;
				INFOPLIST_KEY_UILaunchStoryboardName = LaunchScreen;
				INFOPLIST_KEY_UIMainStoryboardFile = Main;
				INFOPLIST_KEY_UISupportedInterfaceOrientations_iPad = "UIInterfaceOrientationPortrait UIInterfaceOrientationPortraitUpsideDown UIInterfaceOrientationLandscapeLeft UIInterfaceOrientationLandscapeRight";
				INFOPLIST_KEY_UISupportedInterfaceOrientations_iPhone = "UIInterfaceOrientationPortrait UIInterfaceOrientationLandscapeLeft UIInterfaceOrientationLandscapeRight";
				IPHONEOS_DEPLOYMENT_TARGET = 13.5;
				LD_RUNPATH_SEARCH_PATHS = (
					"$(inherited)",
					"@executable_path/Frameworks",
				);
				MARKETING_VERSION = 1.0;
				PRODUCT_BUNDLE_IDENTIFIER = com.drew.com.OnenexCodeTest;
				PRODUCT_NAME = "$(TARGET_NAME)";
				SWIFT_EMIT_LOC_STRINGS = YES;
				SWIFT_VERSION = 5.0;
				TARGETED_DEVICE_FAMILY = "1,2";
			};
			name = Debug;
		};
		7E8E95D12B1F581A00F6B52D /* Release */ = {
			isa = XCBuildConfiguration;
			buildSettings = {
				ASSETCATALOG_COMPILER_APPICON_NAME = AppIcon;
				ASSETCATALOG_COMPILER_GLOBAL_ACCENT_COLOR_NAME = AccentColor;
				CODE_SIGN_STYLE = Automatic;
				CURRENT_PROJECT_VERSION = 1;
				DEVELOPMENT_TEAM = 4WCVXD5T4H;
				GENERATE_INFOPLIST_FILE = YES;
				INFOPLIST_FILE = OnenexCodeTest/Info.plist;
				INFOPLIST_KEY_UIApplicationSupportsIndirectInputEvents = YES;
				INFOPLIST_KEY_UILaunchStoryboardName = LaunchScreen;
				INFOPLIST_KEY_UIMainStoryboardFile = Main;
				INFOPLIST_KEY_UISupportedInterfaceOrientations_iPad = "UIInterfaceOrientationPortrait UIInterfaceOrientationPortraitUpsideDown UIInterfaceOrientationLandscapeLeft UIInterfaceOrientationLandscapeRight";
				INFOPLIST_KEY_UISupportedInterfaceOrientations_iPhone = "UIInterfaceOrientationPortrait UIInterfaceOrientationLandscapeLeft UIInterfaceOrientationLandscapeRight";
				IPHONEOS_DEPLOYMENT_TARGET = 13.5;
				LD_RUNPATH_SEARCH_PATHS = (
					"$(inherited)",
					"@executable_path/Frameworks",
				);
				MARKETING_VERSION = 1.0;
				PRODUCT_BUNDLE_IDENTIFIER = com.drew.com.OnenexCodeTest;
				PRODUCT_NAME = "$(TARGET_NAME)";
				SWIFT_EMIT_LOC_STRINGS = YES;
				SWIFT_VERSION = 5.0;
				TARGETED_DEVICE_FAMILY = "1,2";
			};
			name = Release;
		};
/* End XCBuildConfiguration section */

/* Begin XCConfigurationList section */
		7E8E95B62B1F581800F6B52D /* Build configuration list for PBXProject "OnenexCodeTest" */ = {
			isa = XCConfigurationList;
			buildConfigurations = (
				7E8E95CD2B1F581A00F6B52D /* Debug */,
				7E8E95CE2B1F581A00F6B52D /* Release */,
			);
			defaultConfigurationIsVisible = 0;
			defaultConfigurationName = Release;
		};
		7E8E95CF2B1F581A00F6B52D /* Build configuration list for PBXNativeTarget "OnenexCodeTest" */ = {
			isa = XCConfigurationList;
			buildConfigurations = (
				7E8E95D02B1F581A00F6B52D /* Debug */,
				7E8E95D12B1F581A00F6B52D /* Release */,
			);
			defaultConfigurationIsVisible = 0;
			defaultConfigurationName = Release;
		};
/* End XCConfigurationList section */
	};
	rootObject = 7E8E95B32B1F581800F6B52D /* Project object */;
}
